
Microsoft Visual Studio Solution File, Format Version 12.00
# Visual Studio 15
VisualStudioVersion = 15.0.28307.572
MinimumVisualStudioVersion = 10.0.40219.1
Project("{FAE04EC0-301F-11D3-BF4B-00C04F79EFBC}") = "Retalo BA", "WindowsFormsApp1\Retalo BA.csproj", "{BB4A3EBE-069B-491B-B58A-22489D3B45EB}"
EndProject
Project("{FAE04EC0-301F-11D3-BF4B-00C04F79EFBC}") = "Retalo BATests", "Retalo BATests\Retalo BATests.csproj", "{C3C0DB80-FE09-4710-B041-1BAB74E14903}"
EndProject
Global
	GlobalSection(SolutionConfigurationPlatforms) = preSolution
		Debug|Any CPU = Debug|Any CPU
		Release|Any CPU = Release|Any CPU
	EndGlobalSection
	GlobalSection(ProjectConfigurationPlatforms) = postSolution
		{BB4A3EBE-069B-491B-B58A-22489D3B45EB}.Debug|Any CPU.ActiveCfg = Debug|Any CPU
		{BB4A3EBE-069B-491B-B58A-22489D3B45EB}.Debug|Any CPU.Build.0 = Debug|Any CPU
		{BB4A3EBE-069B-491B-B58A-22489D3B45EB}.Release|Any CPU.ActiveCfg = Release|Any CPU
		{BB4A3EBE-069B-491B-B58A-22489D3B45EB}.Release|Any CPU.Build.0 = Release|Any CPU
		{C3C0DB80-FE09-4710-B041-1BAB74E14903}.Debug|Any CPU.ActiveCfg = Debug|Any CPU
		{C3C0DB80-FE09-4710-B041-1BAB74E14903}.Debug|Any CPU.Build.0 = Debug|Any CPU
		{C3C0DB80-FE09-4710-B041-1BAB74E14903}.Release|Any CPU.ActiveCfg = Release|Any CPU
		{C3C0DB80-FE09-4710-B041-1BAB74E14903}.Release|Any CPU.Build.0 = Release|Any CPU
	EndGlobalSection
	GlobalSection(SolutionProperties) = preSolution
		HideSolutionNode = FALSE
	EndGlobalSection
	GlobalSection(ExtensibilityGlobals) = postSolution
		SolutionGuid = {131FE3C6-1F52-4A27-8FAD-4EAF6C9FDE28}
	EndGlobalSection
EndGlobal
